
Microsoft Visual Studio Solution File, Format Version 12.00
# Visual Studio Version 17
VisualStudioVersion = 17.3.32825.248
MinimumVisualStudioVersion = 10.0.40219.1
Project("{FAE04EC0-301F-11D3-BF4B-00C04F79EFBC}") = "walidacyjnych", "walidacyjnych\walidacyjnych.csproj", "{2E195688-6299-4A93-8376-9745285ED5ED}"
EndProject
Global
	GlobalSection(SolutionConfigurationPlatforms) = preSolution
		Debug|Any CPU = Debug|Any CPU
		Release|Any CPU = Release|Any CPU
	EndGlobalSection
	GlobalSection(ProjectConfigurationPlatforms) = postSolution
		{2E195688-6299-4A93-8376-9745285ED5ED}.Debug|Any CPU.ActiveCfg = Debug|Any CPU
		{2E195688-6299-4A93-8376-9745285ED5ED}.Debug|Any CPU.Build.0 = Debug|Any CPU
		{2E195688-6299-4A93-8376-9745285ED5ED}.Release|Any CPU.ActiveCfg = Release|Any CPU
		{2E195688-6299-4A93-8376-9745285ED5ED}.Release|Any CPU.Build.0 = Release|Any CPU
	EndGlobalSection
	GlobalSection(SolutionProperties) = preSolution
		HideSolutionNode = FALSE
	EndGlobalSection
	GlobalSection(ExtensibilityGlobals) = postSolution
		SolutionGuid = {E36C5B5B-A0E8-4A23-ABB0-09C2E8A17142}
	EndGlobalSection
EndGlobal
